version = 1
requires-python = ">=3.13"
resolution-markers = [
    "sys_platform == 'darwin'",
    "platform_machine == 'aarch64' and sys_platform == 'linux'",
    "(platform_machine != 'aarch64' and sys_platform == 'linux') or (sys_platform != 'darwin' and sys_platform != 'linux')",
]

[[package]]
name = "ap-screenshot"
version = "0.1.0"
source = { virtual = "." }
dependencies = [
    { name = "imagehash" },
    { name = "opencv-python" },
    { name = "pdf2image" },
    { name = "pypdf2" },
    { name = "reportlab" },
    { name = "tqdm" },
]

[package.metadata]
requires-dist = [
    { name = "imagehash", specifier = ">=4.3.1" },
    { name = "opencv-python", specifier = ">=4.10.0.84" },
    { name = "pdf2image", specifier = ">=1.17.0" },
    { name = "pypdf2", specifier = ">=3.0.1" },
    { name = "reportlab", specifier = ">=4.2.5" },
    { name = "tqdm", specifier = ">=4.67.1" },
]

[[package]]
name = "chardet"
version = "5.2.0"
source = { registry = "https://pypi.org/simple" }
sdist = { url = "https://files.pythonhosted.org/packages/f3/0d/f7b6ab21ec75897ed80c17d79b15951a719226b9fababf1e40ea74d69079/chardet-5.2.0.tar.gz", hash = "sha256:1b3b6ff479a8c414bc3fa2c0852995695c4a026dcd6d0633b2dd092ca39c1cf7", size = 2069618 }
wheels = [
    { url = "https://files.pythonhosted.org/packages/38/6f/f5fbc992a329ee4e0f288c1fe0e2ad9485ed064cac731ed2fe47dcc38cbf/chardet-5.2.0-py3-none-any.whl", hash = "sha256:e1cf59446890a00105fe7b7912492ea04b6e6f06d4b742b2c788469e34c82970", size = 199385 },
]

[[package]]
name = "colorama"
version = "0.4.6"
source = { registry = "https://pypi.org/simple" }
sdist = { url = "https://files.pythonhosted.org/packages/d8/53/6f443c9a4a8358a93a6792e2acffb9d9d5cb0a5cfd8802644b7b1c9a02e4/colorama-0.4.6.tar.gz", hash = "sha256:08695f5cb7ed6e0531a20572697297273c47b8cae5a63ffc6d6ed5c201be6e44", size = 27697 }
wheels = [
    { url = "https://files.pythonhosted.org/packages/d1/d6/3965ed04c63042e047cb6a3e6ed1a63a35087b6a609aa3a15ed8ac56c221/colorama-0.4.6-py2.py3-none-any.whl", hash = "sha256:4f1d9991f5acc0ca119f9d443620b77f9d6b33703e51011c16baf57afb285fc6", size = 25335 },
]

[[package]]
name = "imagehash"
version = "4.3.1"
source = { registry = "https://pypi.org/simple" }
dependencies = [
    { name = "numpy" },
    { name = "pillow" },
    { name = "pywavelets" },
    { name = "scipy" },
]
sdist = { url = "https://files.pythonhosted.org/packages/6c/f4/9821fe373a4788bca43f00491b008f930de0b12a60ff631852d1f984b966/ImageHash-4.3.1.tar.gz", hash = "sha256:7038d1b7f9e0585beb3dd8c0a956f02b95a346c0b5f24a9e8cc03ebadaf0aa70", size = 296989 }
wheels = [
    { url = "https://files.pythonhosted.org/packages/2d/b4/19a746a986c6e38595fa5947c028b1b8e287773dcad766e648897ad2a4cf/ImageHash-4.3.1-py2.py3-none-any.whl", hash = "sha256:5ad9a5cde14fe255745a8245677293ac0d67f09c330986a351f34b614ba62fb5", size = 296543 },
]

[[package]]
name = "numpy"
version = "2.2.1"
source = { registry = "https://pypi.org/simple" }
sdist = { url = "https://files.pythonhosted.org/packages/f2/a5/fdbf6a7871703df6160b5cf3dd774074b086d278172285c52c2758b76305/numpy-2.2.1.tar.gz", hash = "sha256:45681fd7128c8ad1c379f0ca0776a8b0c6583d2f69889ddac01559dfe4390918", size = 20227662 }
wheels = [
    { url = "https://files.pythonhosted.org/packages/20/d6/91a26e671c396e0c10e327b763485ee295f5a5a7a48c553f18417e5a0ed5/numpy-2.2.1-cp313-cp313-macosx_10_13_x86_64.whl", hash = "sha256:f1d09e520217618e76396377c81fba6f290d5f926f50c35f3a5f72b01a0da780", size = 20896464 },
    { url = "https://files.pythonhosted.org/packages/8c/40/5792ccccd91d45e87d9e00033abc4f6ca8a828467b193f711139ff1f1cd9/numpy-2.2.1-cp313-cp313-macosx_11_0_arm64.whl", hash = "sha256:3ecc47cd7f6ea0336042be87d9e7da378e5c7e9b3c8ad0f7c966f714fc10d821", size = 14111350 },
    { url = "https://files.pythonhosted.org/packages/c0/2a/fb0a27f846cb857cef0c4c92bef89f133a3a1abb4e16bba1c4dace2e9b49/numpy-2.2.1-cp313-cp313-macosx_14_0_arm64.whl", hash = "sha256:f419290bc8968a46c4933158c91a0012b7a99bb2e465d5ef5293879742f8797e", size = 5111629 },
    { url = "https://files.pythonhosted.org/packages/eb/e5/8e81bb9d84db88b047baf4e8b681a3e48d6390bc4d4e4453eca428ecbb49/numpy-2.2.1-cp313-cp313-macosx_14_0_x86_64.whl", hash = "sha256:5b6c390bfaef8c45a260554888966618328d30e72173697e5cabe6b285fb2348", size = 6645865 },
    { url = "https://files.pythonhosted.org/packages/7a/1a/a90ceb191dd2f9e2897c69dde93ccc2d57dd21ce2acbd7b0333e8eea4e8d/numpy-2.2.1-cp313-cp313-manylinux_2_17_aarch64.manylinux2014_aarch64.whl", hash = "sha256:526fc406ab991a340744aad7e25251dd47a6720a685fa3331e5c59fef5282a59", size = 14043508 },
    { url = "https://files.pythonhosted.org/packages/f1/5a/e572284c86a59dec0871a49cd4e5351e20b9c751399d5f1d79628c0542cb/numpy-2.2.1-cp313-cp313-manylinux_2_17_x86_64.manylinux2014_x86_64.whl", hash = "sha256:f74e6fdeb9a265624ec3a3918430205dff1df7e95a230779746a6af78bc615af", size = 16094100 },
    { url = "https://files.pythonhosted.org/packages/0c/2c/a79d24f364788386d85899dd280a94f30b0950be4b4a545f4fa4ed1d4ca7/numpy-2.2.1-cp313-cp313-musllinux_1_2_aarch64.whl", hash = "sha256:53c09385ff0b72ba79d8715683c1168c12e0b6e84fb0372e97553d1ea91efe51", size = 15239691 },
    { url = "https://files.pythonhosted.org/packages/cf/79/1e20fd1c9ce5a932111f964b544facc5bb9bde7865f5b42f00b4a6a9192b/numpy-2.2.1-cp313-cp313-musllinux_1_2_x86_64.whl", hash = "sha256:f3eac17d9ec51be534685ba877b6ab5edc3ab7ec95c8f163e5d7b39859524716", size = 17856571 },
    { url = "https://files.pythonhosted.org/packages/be/5b/cc155e107f75d694f562bdc84a26cc930569f3dfdfbccb3420b626065777/numpy-2.2.1-cp313-cp313-win32.whl", hash = "sha256:9ad014faa93dbb52c80d8f4d3dcf855865c876c9660cb9bd7553843dd03a4b1e", size = 6270841 },
    { url = "https://files.pythonhosted.org/packages/44/be/0e5cd009d2162e4138d79a5afb3b5d2341f0fe4777ab6e675aa3d4a42e21/numpy-2.2.1-cp313-cp313-win_amd64.whl", hash = "sha256:164a829b6aacf79ca47ba4814b130c4020b202522a93d7bff2202bfb33b61c60", size = 12606618 },
    { url = "https://files.pythonhosted.org/packages/a8/87/04ddf02dd86fb17c7485a5f87b605c4437966d53de1e3745d450343a6f56/numpy-2.2.1-cp313-cp313t-macosx_10_13_x86_64.whl", hash = "sha256:4dfda918a13cc4f81e9118dea249e192ab167a0bb1966272d5503e39234d694e", size = 20921004 },
    { url = "https://files.pythonhosted.org/packages/6e/3e/d0e9e32ab14005425d180ef950badf31b862f3839c5b927796648b11f88a/numpy-2.2.1-cp313-cp313t-macosx_11_0_arm64.whl", hash = "sha256:733585f9f4b62e9b3528dd1070ec4f52b8acf64215b60a845fa13ebd73cd0712", size = 14119910 },
    { url = "https://files.pythonhosted.org/packages/b5/5b/aa2d1905b04a8fb681e08742bb79a7bddfc160c7ce8e1ff6d5c821be0236/numpy-2.2.1-cp313-cp313t-macosx_14_0_arm64.whl", hash = "sha256:89b16a18e7bba224ce5114db863e7029803c179979e1af6ad6a6b11f70545008", size = 5153612 },
    { url = "https://files.pythonhosted.org/packages/ce/35/6831808028df0648d9b43c5df7e1051129aa0d562525bacb70019c5f5030/numpy-2.2.1-cp313-cp313t-macosx_14_0_x86_64.whl", hash = "sha256:676f4eebf6b2d430300f1f4f4c2461685f8269f94c89698d832cdf9277f30b84", size = 6668401 },
    { url = "https://files.pythonhosted.org/packages/b1/38/10ef509ad63a5946cc042f98d838daebfe7eaf45b9daaf13df2086b15ff9/numpy-2.2.1-cp313-cp313t-manylinux_2_17_aarch64.manylinux2014_aarch64.whl", hash = "sha256:27f5cdf9f493b35f7e41e8368e7d7b4bbafaf9660cba53fb21d2cd174ec09631", size = 14014198 },
    { url = "https://files.pythonhosted.org/packages/df/f8/c80968ae01df23e249ee0a4487fae55a4c0fe2f838dfe9cc907aa8aea0fa/numpy-2.2.1-cp313-cp313t-manylinux_2_17_x86_64.manylinux2014_x86_64.whl", hash = "sha256:c1ad395cf254c4fbb5b2132fee391f361a6e8c1adbd28f2cd8e79308a615fe9d", size = 16076211 },
    { url = "https://files.pythonhosted.org/packages/09/69/05c169376016a0b614b432967ac46ff14269eaffab80040ec03ae1ae8e2c/numpy-2.2.1-cp313-cp313t-musllinux_1_2_aarch64.whl", hash = "sha256:08ef779aed40dbc52729d6ffe7dd51df85796a702afbf68a4f4e41fafdc8bda5", size = 15220266 },
    { url = "https://files.pythonhosted.org/packages/f1/ff/94a4ce67ea909f41cf7ea712aebbe832dc67decad22944a1020bb398a5ee/numpy-2.2.1-cp313-cp313t-musllinux_1_2_x86_64.whl", hash = "sha256:26c9c4382b19fcfbbed3238a14abf7ff223890ea1936b8890f058e7ba35e8d71", size = 17852844 },
    { url = "https://files.pythonhosted.org/packages/46/72/8a5dbce4020dfc595592333ef2fbb0a187d084ca243b67766d29d03e0096/numpy-2.2.1-cp313-cp313t-win32.whl", hash = "sha256:93cf4e045bae74c90ca833cba583c14b62cb4ba2cba0abd2b141ab52548247e2", size = 6326007 },
    { url = "https://files.pythonhosted.org/packages/7b/9c/4fce9cf39dde2562584e4cfd351a0140240f82c0e3569ce25a250f47037d/numpy-2.2.1-cp313-cp313t-win_amd64.whl", hash = "sha256:bff7d8ec20f5f42607599f9994770fa65d76edca264a87b5e4ea5629bce12268", size = 12693107 },
]

[[package]]
name = "opencv-python"
version = "4.10.0.84"
source = { registry = "https://pypi.org/simple" }
dependencies = [
    { name = "numpy" },
]
sdist = { url = "https://files.pythonhosted.org/packages/4a/e7/b70a2d9ab205110d715906fc8ec83fbb00404aeb3a37a0654fdb68eb0c8c/opencv-python-4.10.0.84.tar.gz", hash = "sha256:72d234e4582e9658ffea8e9cae5b63d488ad06994ef12d81dc303b17472f3526", size = 95103981 }
wheels = [
    { url = "https://files.pythonhosted.org/packages/66/82/564168a349148298aca281e342551404ef5521f33fba17b388ead0a84dc5/opencv_python-4.10.0.84-cp37-abi3-macosx_11_0_arm64.whl", hash = "sha256:fc182f8f4cda51b45f01c64e4cbedfc2f00aff799debebc305d8d0210c43f251", size = 54835524 },
    { url = "https://files.pythonhosted.org/packages/64/4a/016cda9ad7cf18c58ba074628a4eaae8aa55f3fd06a266398cef8831a5b9/opencv_python-4.10.0.84-cp37-abi3-macosx_12_0_x86_64.whl", hash = "sha256:71e575744f1d23f79741450254660442785f45a0797212852ee5199ef12eed98", size = 56475426 },
    { url = "https://files.pythonhosted.org/packages/81/e4/7a987ebecfe5ceaf32db413b67ff18eb3092c598408862fff4d7cc3fd19b/opencv_python-4.10.0.84-cp37-abi3-manylinux_2_17_aarch64.manylinux2014_aarch64.whl", hash = "sha256:09a332b50488e2dda866a6c5573ee192fe3583239fb26ff2f7f9ceb0bc119ea6", size = 41746971 },
    { url = "https://files.pythonhosted.org/packages/3f/a4/d2537f47fd7fcfba966bd806e3ec18e7ee1681056d4b0a9c8d983983e4d5/opencv_python-4.10.0.84-cp37-abi3-manylinux_2_17_x86_64.manylinux2014_x86_64.whl", hash = "sha256:9ace140fc6d647fbe1c692bcb2abce768973491222c067c131d80957c595b71f", size = 62548253 },
    { url = "https://files.pythonhosted.org/packages/1e/39/bbf57e7b9dab623e8773f6ff36385456b7ae7fa9357a5e53db732c347eac/opencv_python-4.10.0.84-cp37-abi3-win32.whl", hash = "sha256:2db02bb7e50b703f0a2d50c50ced72e95c574e1e5a0bb35a8a86d0b35c98c236", size = 28737688 },
    { url = "https://files.pythonhosted.org/packages/ec/6c/fab8113424af5049f85717e8e527ca3773299a3c6b02506e66436e19874f/opencv_python-4.10.0.84-cp37-abi3-win_amd64.whl", hash = "sha256:32dbbd94c26f611dc5cc6979e6b7aa1f55a64d6b463cc1dcd3c95505a63e48fe", size = 38842521 },
]

[[package]]
name = "pdf2image"
version = "1.17.0"
source = { registry = "https://pypi.org/simple" }
dependencies = [
    { name = "pillow" },
]
sdist = { url = "https://files.pythonhosted.org/packages/00/d8/b280f01045555dc257b8153c00dee3bc75830f91a744cd5f84ef3a0a64b1/pdf2image-1.17.0.tar.gz", hash = "sha256:eaa959bc116b420dd7ec415fcae49b98100dda3dd18cd2fdfa86d09f112f6d57", size = 12811 }
wheels = [
    { url = "https://files.pythonhosted.org/packages/62/33/61766ae033518957f877ab246f87ca30a85b778ebaad65b7f74fa7e52988/pdf2image-1.17.0-py3-none-any.whl", hash = "sha256:ecdd58d7afb810dffe21ef2b1bbc057ef434dabbac6c33778a38a3f7744a27e2", size = 11618 },
]

[[package]]
name = "pillow"
version = "11.1.0"
source = { registry = "https://pypi.org/simple" }
sdist = { url = "https://files.pythonhosted.org/packages/f3/af/c097e544e7bd278333db77933e535098c259609c4eb3b85381109602fb5b/pillow-11.1.0.tar.gz", hash = "sha256:368da70808b36d73b4b390a8ffac11069f8a5c85f29eff1f1b01bcf3ef5b2a20", size = 46742715 }
wheels = [
    { url = "https://files.pythonhosted.org/packages/b3/31/9ca79cafdce364fd5c980cd3416c20ce1bebd235b470d262f9d24d810184/pillow-11.1.0-cp313-cp313-macosx_10_13_x86_64.whl", hash = "sha256:ae98e14432d458fc3de11a77ccb3ae65ddce70f730e7c76140653048c71bfcbc", size = 3226640 },
    { url = "https://files.pythonhosted.org/packages/ac/0f/ff07ad45a1f172a497aa393b13a9d81a32e1477ef0e869d030e3c1532521/pillow-11.1.0-cp313-cp313-macosx_11_0_arm64.whl", hash = "sha256:cc1331b6d5a6e144aeb5e626f4375f5b7ae9934ba620c0ac6b3e43d5e683a0f0", size = 3101437 },
    { url = "https://files.pythonhosted.org/packages/08/2f/9906fca87a68d29ec4530be1f893149e0cb64a86d1f9f70a7cfcdfe8ae44/pillow-11.1.0-cp313-cp313-manylinux_2_17_aarch64.manylinux2014_aarch64.whl", hash = "sha256:758e9d4ef15d3560214cddbc97b8ef3ef86ce04d62ddac17ad39ba87e89bd3b1", size = 4326605 },
    { url = "https://files.pythonhosted.org/packages/b0/0f/f3547ee15b145bc5c8b336401b2d4c9d9da67da9dcb572d7c0d4103d2c69/pillow-11.1.0-cp313-cp313-manylinux_2_17_x86_64.manylinux2014_x86_64.whl", hash = "sha256:b523466b1a31d0dcef7c5be1f20b942919b62fd6e9a9be199d035509cbefc0ec", size = 4411173 },
    { url = "https://files.pythonhosted.org/packages/b1/df/bf8176aa5db515c5de584c5e00df9bab0713548fd780c82a86cba2c2fedb/pillow-11.1.0-cp313-cp313-manylinux_2_28_aarch64.whl", hash = "sha256:9044b5e4f7083f209c4e35aa5dd54b1dd5b112b108648f5c902ad586d4f945c5", size = 4369145 },
    { url = "https://files.pythonhosted.org/packages/de/7c/7433122d1cfadc740f577cb55526fdc39129a648ac65ce64db2eb7209277/pillow-11.1.0-cp313-cp313-manylinux_2_28_x86_64.whl", hash = "sha256:3764d53e09cdedd91bee65c2527815d315c6b90d7b8b79759cc48d7bf5d4f114", size = 4496340 },
    { url = "https://files.pythonhosted.org/packages/25/46/dd94b93ca6bd555588835f2504bd90c00d5438fe131cf01cfa0c5131a19d/pillow-11.1.0-cp313-cp313-musllinux_1_2_aarch64.whl", hash = "sha256:31eba6bbdd27dde97b0174ddf0297d7a9c3a507a8a1480e1e60ef914fe23d352", size = 4296906 },
    { url = "https://files.pythonhosted.org/packages/a8/28/2f9d32014dfc7753e586db9add35b8a41b7a3b46540e965cb6d6bc607bd2/pillow-11.1.0-cp313-cp313-musllinux_1_2_x86_64.whl", hash = "sha256:b5d658fbd9f0d6eea113aea286b21d3cd4d3fd978157cbf2447a6035916506d3", size = 4431759 },
    { url = "https://files.pythonhosted.org/packages/33/48/19c2cbe7403870fbe8b7737d19eb013f46299cdfe4501573367f6396c775/pillow-11.1.0-cp313-cp313-win32.whl", hash = "sha256:f86d3a7a9af5d826744fabf4afd15b9dfef44fe69a98541f666f66fbb8d3fef9", size = 2291657 },
    { url = "https://files.pythonhosted.org/packages/3b/ad/285c556747d34c399f332ba7c1a595ba245796ef3e22eae190f5364bb62b/pillow-11.1.0-cp313-cp313-win_amd64.whl", hash = "sha256:593c5fd6be85da83656b93ffcccc2312d2d149d251e98588b14fbc288fd8909c", size = 2626304 },
    { url = "https://files.pythonhosted.org/packages/e5/7b/ef35a71163bf36db06e9c8729608f78dedf032fc8313d19bd4be5c2588f3/pillow-11.1.0-cp313-cp313-win_arm64.whl", hash = "sha256:11633d58b6ee5733bde153a8dafd25e505ea3d32e261accd388827ee987baf65", size = 2375117 },
    { url = "https://files.pythonhosted.org/packages/79/30/77f54228401e84d6791354888549b45824ab0ffde659bafa67956303a09f/pillow-11.1.0-cp313-cp313t-macosx_10_13_x86_64.whl", hash = "sha256:70ca5ef3b3b1c4a0812b5c63c57c23b63e53bc38e758b37a951e5bc466449861", size = 3230060 },
    { url = "https://files.pythonhosted.org/packages/ce/b1/56723b74b07dd64c1010fee011951ea9c35a43d8020acd03111f14298225/pillow-11.1.0-cp313-cp313t-macosx_11_0_arm64.whl", hash = "sha256:8000376f139d4d38d6851eb149b321a52bb8893a88dae8ee7d95840431977081", size = 3106192 },
    { url = "https://files.pythonhosted.org/packages/e1/cd/7bf7180e08f80a4dcc6b4c3a0aa9e0b0ae57168562726a05dc8aa8fa66b0/pillow-11.1.0-cp313-cp313t-manylinux_2_17_x86_64.manylinux2014_x86_64.whl", hash = "sha256:9ee85f0696a17dd28fbcfceb59f9510aa71934b483d1f5601d1030c3c8304f3c", size = 4446805 },
    { url = "https://files.pythonhosted.org/packages/97/42/87c856ea30c8ed97e8efbe672b58c8304dee0573f8c7cab62ae9e31db6ae/pillow-11.1.0-cp313-cp313t-manylinux_2_28_x86_64.whl", hash = "sha256:dd0e081319328928531df7a0e63621caf67652c8464303fd102141b785ef9547", size = 4530623 },
    { url = "https://files.pythonhosted.org/packages/ff/41/026879e90c84a88e33fb00cc6bd915ac2743c67e87a18f80270dfe3c2041/pillow-11.1.0-cp313-cp313t-musllinux_1_2_x86_64.whl", hash = "sha256:e63e4e5081de46517099dc30abe418122f54531a6ae2ebc8680bcd7096860eab", size = 4465191 },
    { url = "https://files.pythonhosted.org/packages/e5/fb/a7960e838bc5df57a2ce23183bfd2290d97c33028b96bde332a9057834d3/pillow-11.1.0-cp313-cp313t-win32.whl", hash = "sha256:dda60aa465b861324e65a78c9f5cf0f4bc713e4309f83bc387be158b077963d9", size = 2295494 },
    { url = "https://files.pythonhosted.org/packages/d7/6c/6ec83ee2f6f0fda8d4cf89045c6be4b0373ebfc363ba8538f8c999f63fcd/pillow-11.1.0-cp313-cp313t-win_amd64.whl", hash = "sha256:ad5db5781c774ab9a9b2c4302bbf0c1014960a0a7be63278d13ae6fdf88126fe", size = 2631595 },
    { url = "https://files.pythonhosted.org/packages/cf/6c/41c21c6c8af92b9fea313aa47c75de49e2f9a467964ee33eb0135d47eb64/pillow-11.1.0-cp313-cp313t-win_arm64.whl", hash = "sha256:67cd427c68926108778a9005f2a04adbd5e67c442ed21d95389fe1d595458756", size = 2377651 },
]

[[package]]
name = "pypdf2"
version = "3.0.1"
source = { registry = "https://pypi.org/simple" }
sdist = { url = "https://files.pythonhosted.org/packages/9f/bb/18dc3062d37db6c491392007dfd1a7f524bb95886eb956569ac38a23a784/PyPDF2-3.0.1.tar.gz", hash = "sha256:a74408f69ba6271f71b9352ef4ed03dc53a31aa404d29b5d31f53bfecfee1440", size = 227419 }
wheels = [
    { url = "https://files.pythonhosted.org/packages/8e/5e/c86a5643653825d3c913719e788e41386bee415c2b87b4f955432f2de6b2/pypdf2-3.0.1-py3-none-any.whl", hash = "sha256:d16e4205cfee272fbdc0568b68d82be796540b1537508cef59388f839c191928", size = 232572 },
]

[[package]]
name = "pywavelets"
version = "1.8.0"
source = { registry = "https://pypi.org/simple" }
dependencies = [
    { name = "numpy" },
]
sdist = { url = "https://files.pythonhosted.org/packages/48/45/bfaaab38545a33a9f06c61211fc3bea2e23e8a8e00fedeb8e57feda722ff/pywavelets-1.8.0.tar.gz", hash = "sha256:f3800245754840adc143cbc29534a1b8fc4b8cff6e9d403326bd52b7bb5c35aa", size = 3935274 }
wheels = [
    { url = "https://files.pythonhosted.org/packages/94/73/7ff347d77c6bda11330565050c3346c54bc210086380abeb84e402c1c9cd/pywavelets-1.8.0-cp313-cp313-macosx_10_13_x86_64.whl", hash = "sha256:441ba45c8dff8c6916dbe706958d0d7f91da675695ca0c0d75e483f6f52d0a12", size = 4321474 },
    { url = "https://files.pythonhosted.org/packages/b0/70/c58937ebbca1aba3475ca5ee63c7bcebf09f3c93891ae5942eaec7e95707/pywavelets-1.8.0-cp313-cp313-macosx_11_0_arm64.whl", hash = "sha256:24bb282bab09349d9d128ed0536fa50fff5c2147891971a69c2c36155dfeeeac", size = 4291502 },
    { url = "https://files.pythonhosted.org/packages/da/55/87b4ad6128b2e85985908e958e856e0b680cdcc03cc490e2cc995164b13a/pywavelets-1.8.0-cp313-cp313-manylinux_2_17_aarch64.manylinux2014_aarch64.whl", hash = "sha256:426ff3799446cb4da1db04c2084e6e58edfe24225596805665fd39c14f53dece", size = 4412669 },
    { url = "https://files.pythonhosted.org/packages/bf/1a/bfca9eab23bd7b27843b0ce95c47796033a7b2c93048315f5fc5d6ac6428/pywavelets-1.8.0-cp313-cp313-manylinux_2_17_x86_64.manylinux2014_x86_64.whl", hash = "sha256:aa0607a9c085b8285bc0d04e33d461a6c80f8c325389221ffb1a45141861138e", size = 4454604 },
    { url = "https://files.pythonhosted.org/packages/c3/23/9ce38829f57159e812c469c4f9d7b5a16c1ba922c1802985e8c504468206/pywavelets-1.8.0-cp313-cp313-musllinux_1_2_aarch64.whl", hash = "sha256:d31c36a39110e8fcc7b1a4a11cfed7d22b610c285d3e7f4fe73ec777aa49fa39", size = 4445507 },
    { url = "https://files.pythonhosted.org/packages/e5/d2/e78a976b0600a6ef7a70f4430122d6ad11b3e1cbda3c8b3565661d094678/pywavelets-1.8.0-cp313-cp313-musllinux_1_2_x86_64.whl", hash = "sha256:fa7c68ed1e5bab23b1bafe60ccbcf709b878652d03de59e961baefa5210fcd0a", size = 4479078 },
    { url = "https://files.pythonhosted.org/packages/85/4d/1c4f870010368f3aeb0bdd72929376a1988e4a122e76545bd8c56e549c96/pywavelets-1.8.0-cp313-cp313-win32.whl", hash = "sha256:2c6b359b55d713ef683e9da1529181b865a80d759881ceb9adc1c5742e4da4d8", size = 4133763 },
    { url = "https://files.pythonhosted.org/packages/c9/4f/0a709a5732e6cf9297fc87bf545cb879997cde204115f8c0cbc296c5bdd3/pywavelets-1.8.0-cp313-cp313-win_amd64.whl", hash = "sha256:4dbebcfd55ea8a85b7fc8802d411e75337170422abf6e96019d7e46c394e80e5", size = 4209548 },
    { url = "https://files.pythonhosted.org/packages/de/2a/4cac0bba67d3bc0ad697d0680539864db0a6964c7ad953d8d9d887f360b3/pywavelets-1.8.0-cp313-cp313t-macosx_11_0_arm64.whl", hash = "sha256:2e1c79784bebeafd3715c1bea6621daa2e2e6ed37b687719322e2078fb35bb70", size = 4335183 },
    { url = "https://files.pythonhosted.org/packages/58/d1/3abe4cf34a35b09ad847f0e9a85f340c1988611222926d295fa8710659e7/pywavelets-1.8.0-cp313-cp313t-manylinux_2_17_x86_64.manylinux2014_x86_64.whl", hash = "sha256:7f489380c95013cc8fb3ef338f6d8c1a907125db453cc4dc739e2cca06fcd8b6", size = 4454723 },
    { url = "https://files.pythonhosted.org/packages/d5/62/f05dd191232ae94e0b48509bb0ee65c9d45abf5e8f3612b09fd309b41384/pywavelets-1.8.0-cp313-cp313t-musllinux_1_2_x86_64.whl", hash = "sha256:06786201a91b5e74540f4f3c115c49a29190de2eb424823abbd3a1fd75ea3e28", size = 4472192 },
    { url = "https://files.pythonhosted.org/packages/20/6a/257c95ad1e0fd395cbccd4ffec0d01cc9b51a3bb91e67d8fa10ffebc9c72/pywavelets-1.8.0-cp313-cp313t-win32.whl", hash = "sha256:f2877fb7b58c94211257dcf364b204d6ed259146fc87d5a90bf9d93c97af6226", size = 4183968 },
    { url = "https://files.pythonhosted.org/packages/6c/58/7179fd6f87153f2e339171e8cfe9bf901398a89045eefd7a3911bb9b47ad/pywavelets-1.8.0-cp313-cp313t-win_amd64.whl", hash = "sha256:ec5d723c3335ff8aa630fd4b14097077f12cc02893c91cafd60dd7b1730e780f", size = 4265431 },
]

[[package]]
name = "reportlab"
version = "4.2.5"
source = { registry = "https://pypi.org/simple" }
dependencies = [
    { name = "chardet" },
    { name = "pillow" },
]
sdist = { url = "https://files.pythonhosted.org/packages/c2/4c/ac8c34dc022fd4f542bc86d266b0bf83ce079917875d16ab52b95c588a34/reportlab-4.2.5.tar.gz", hash = "sha256:5cf35b8fd609b68080ac7bbb0ae1e376104f7d5f7b2d3914c7adc63f2593941f", size = 3581379 }
wheels = [
    { url = "https://files.pythonhosted.org/packages/73/12/6444906db1bc65d3a8118afb089d53c7eeca0726164f51eb3599de1d0665/reportlab-4.2.5-py3-none-any.whl", hash = "sha256:eb2745525a982d9880babb991619e97ac3f661fae30571b7d50387026ca765ee", size = 1942821 },
]

[[package]]
name = "scipy"
version = "1.15.0"
source = { registry = "https://pypi.org/simple" }
dependencies = [
    { name = "numpy" },
]
sdist = { url = "https://files.pythonhosted.org/packages/d9/7b/2b8ac283cf32465ed08bc20a83d559fe7b174a484781702ba8accea001d6/scipy-1.15.0.tar.gz", hash = "sha256:300742e2cc94e36a2880ebe464a1c8b4352a7b0f3e36ec3d2ac006cdbe0219ac", size = 59407226 }
wheels = [
    { url = "https://files.pythonhosted.org/packages/4d/46/2fa07d5b53092b73c4bb416954d07d883b53be4a5bd6282c67e03c051225/scipy-1.15.0-cp313-cp313-macosx_10_13_x86_64.whl", hash = "sha256:0fcb16eb04d84670722ce8d93b05257df471704c913cb0ff9dc5a1c31d1e9422", size = 41438080 },
    { url = "https://files.pythonhosted.org/packages/55/05/77778b1127e170ffb484614691fdd8f9d2640dcf951d515f513debe5d0e0/scipy-1.15.0-cp313-cp313-macosx_12_0_arm64.whl", hash = "sha256:767e8cf6562931f8312f4faa7ddea412cb783d8df49e62c44d00d89f41f9bbe8", size = 32532932 },
    { url = "https://files.pythonhosted.org/packages/2b/9f/6de4970a2f524785d94a85f423a53b8c53d84917f2df702733ccdc9afd54/scipy-1.15.0-cp313-cp313-macosx_14_0_arm64.whl", hash = "sha256:37ce9394cdcd7c5f437583fc6ef91bd290014993900643fdfc7af9b052d1613b", size = 24806488 },
    { url = "https://files.pythonhosted.org/packages/65/ef/b1c1e2499189bbea109a6b022a6147dd4552d72bed19289b4d4e411c4ce7/scipy-1.15.0-cp313-cp313-macosx_14_0_x86_64.whl", hash = "sha256:6d26f17c64abd6c6c2dfb39920f61518cc9e213d034b45b2380e32ba78fde4c0", size = 27930055 },
    { url = "https://files.pythonhosted.org/packages/24/ec/6e4fe2a34a91102c806ecf9f45426f66bd604a5b5f48e951ce2bd770b2fe/scipy-1.15.0-cp313-cp313-manylinux_2_17_aarch64.manylinux2014_aarch64.whl", hash = "sha256:1e2448acd79c6374583581a1ded32ac71a00c2b9c62dfa87a40e1dd2520be111", size = 38031212 },
    { url = "https://files.pythonhosted.org/packages/82/4d/ecef655956ce332edbc411ab64ab843d767dd86e646898ac721dbcc7910e/scipy-1.15.0-cp313-cp313-manylinux_2_17_x86_64.manylinux2014_x86_64.whl", hash = "sha256:36be480e512d38db67f377add5b759fb117edd987f4791cdf58e59b26962bee4", size = 40209536 },
    { url = "https://files.pythonhosted.org/packages/c5/ec/3af823fcd86e3155ad7ed2b684634391e4524ff82735c26abed522fc5405/scipy-1.15.0-cp313-cp313-musllinux_1_2_x86_64.whl", hash = "sha256:ccb6248a9987193fe74363a2d73b93bc2c546e0728bd786050b7aef6e17db03c", size = 42584473 },
    { url = "https://files.pythonhosted.org/packages/23/01/f0ec4236ba8a96353e56694160041d7d9bebd9a0231a1c9beedc6e75cd50/scipy-1.15.0-cp313-cp313-win_amd64.whl", hash = "sha256:952d2e9eaa787f0a9e95b6e85da3654791b57a156c3e6609e65cc5176ccfe6f2", size = 43639460 },
    { url = "https://files.pythonhosted.org/packages/e9/02/c8bccc5c4813eccfeeef6ed0effe42e2cf98199d350ca476c22029569edc/scipy-1.15.0-cp313-cp313t-macosx_10_13_x86_64.whl", hash = "sha256:b1432102254b6dc7766d081fa92df87832ac25ff0b3d3a940f37276e63eb74ff", size = 41642304 },
    { url = "https://files.pythonhosted.org/packages/27/7a/9191a8b61f5826f08932b6ae47d44fbf4f473beb307d8ca3ed96a216929f/scipy-1.15.0-cp313-cp313t-macosx_12_0_arm64.whl", hash = "sha256:4e08c6a36f46abaedf765dd2dfcd3698fa4bd7e311a9abb2d80e33d9b2d72c34", size = 32620019 },
    { url = "https://files.pythonhosted.org/packages/e6/17/9c8452c8a59f1ede4a7ba6ba03b8b44703cdd1f1217b649f470c216f3095/scipy-1.15.0-cp313-cp313t-macosx_14_0_arm64.whl", hash = "sha256:ec915cd26d76f6fc7ae8522f74f5b2accf39546f341c771bb2297f3871934a52", size = 24893299 },
    { url = "https://files.pythonhosted.org/packages/db/73/45c8566538bf9252be1e3e36b149714619c6f4d015a901cd76e257f88a37/scipy-1.15.0-cp313-cp313t-macosx_14_0_x86_64.whl", hash = "sha256:351899dd2a801edd3691622172bc8ea01064b1cada794f8641b89a7dc5418db6", size = 27955764 },
    { url = "https://files.pythonhosted.org/packages/9f/4e/8822a2cafcea8727430e9a0bf785e8f0e81aaaac1048dad764d522f0f1ec/scipy-1.15.0-cp313-cp313t-manylinux_2_17_x86_64.manylinux2014_x86_64.whl", hash = "sha256:e9baff912ea4f78a543d183ed6f5b3bea9784509b948227daaf6f10727a0e2e5", size = 39879164 },
    { url = "https://files.pythonhosted.org/packages/b1/27/b55549a4aba515d9a19b6384c2c2f976725cd19d5d41c58ffac9a4d98892/scipy-1.15.0-cp313-cp313t-musllinux_1_2_x86_64.whl", hash = "sha256:cd9d9198a7fd9a77f0eb5105ea9734df26f41faeb2a88a0e62e5245506f7b6df", size = 42091406 },
    { url = "https://files.pythonhosted.org/packages/79/df/989b2fd3f8ead6bcf89fc683fde94741eb3b291e41a3ce70cec08c80aa36/scipy-1.15.0-cp313-cp313t-win_amd64.whl", hash = "sha256:129f899ed275c0515d553b8d31696924e2ca87d1972421e46c376b9eb87de3d2", size = 43188844 },
]

[[package]]
name = "tqdm"
version = "4.67.1"
source = { registry = "https://pypi.org/simple" }
dependencies = [
    { name = "colorama", marker = "sys_platform == 'win32'" },
]
sdist = { url = "https://files.pythonhosted.org/packages/a8/4b/29b4ef32e036bb34e4ab51796dd745cdba7ed47ad142a9f4a1eb8e0c744d/tqdm-4.67.1.tar.gz", hash = "sha256:f8aef9c52c08c13a65f30ea34f4e5aac3fd1a34959879d7e59e63027286627f2", size = 169737 }
wheels = [
    { url = "https://files.pythonhosted.org/packages/d0/30/dc54f88dd4a2b5dc8a0279bdd7270e735851848b762aeb1c1184ed1f6b14/tqdm-4.67.1-py3-none-any.whl", hash = "sha256:26445eca388f82e72884e0d580d5464cd801a3ea01e63e5601bdff9ba6a48de2", size = 78540 },
]
